// !$*UTF8*$!
{
	archiveVersion = 1;
	classes = {
	};
	objectVersion = 46;
	objects = {

/* Begin PBXBuildFile section */
		7CC1B072DDD9E5B2279A72B2 /* libPods-CrossOverProject.a in Frameworks */ = {isa = PBXBuildFile; fileRef = 8C61D8079F183095BBA07AC8 /* libPods-CrossOverProject.a */; };
		E84D52781C7312DC00A35D21 /* WalletReportViewController.m in Sources */ = {isa = PBXBuildFile; fileRef = E84D52771C7312DC00A35D21 /* WalletReportViewController.m */; };
		E84D527C1C732F3D00A35D21 /* MonthReportViewController.m in Sources */ = {isa = PBXBuildFile; fileRef = E84D527B1C732F3D00A35D21 /* MonthReportViewController.m */; };
		E84D52861C734F5000A35D21 /* CrossOverProjectTests.m in Sources */ = {isa = PBXBuildFile; fileRef = E84D52851C734F5000A35D21 /* CrossOverProjectTests.m */; };
		E85D1E391C72502300297209 /* ManageTransactionsViewController.m in Sources */ = {isa = PBXBuildFile; fileRef = E85D1E381C72502300297209 /* ManageTransactionsViewController.m */; };
		E85D1E3C1C727B8800297209 /* CategoryChooserViewController.m in Sources */ = {isa = PBXBuildFile; fileRef = E85D1E3B1C727B8800297209 /* CategoryChooserViewController.m */; };
		E8D60D3B1C7217040014ED1F /* Constants.m in Sources */ = {isa = PBXBuildFile; fileRef = E8D60D3A1C7217040014ED1F /* Constants.m */; };
		E8D60D3F1C7217940014ED1F /* BankAccountAmountViewController.m in Sources */ = {isa = PBXBuildFile; fileRef = E8D60D3E1C7217940014ED1F /* BankAccountAmountViewController.m */; };
		E8D60D681C722FB70014ED1F /* Foundation.framework in Frameworks */ = {isa = PBXBuildFile; fileRef = E8D60D671C722FB70014ED1F /* Foundation.framework */; };
		E8D60D6B1C7234E40014ED1F /* CurrencyViewController.m in Sources */ = {isa = PBXBuildFile; fileRef = E8D60D6A1C7234E40014ED1F /* CurrencyViewController.m */; };
		E8D60D801C7248920014ED1F /* Tags+CoreDataProperties.m in Sources */ = {isa = PBXBuildFile; fileRef = E8D60D791C7248920014ED1F /* Tags+CoreDataProperties.m */; };
		E8D60D811C7248920014ED1F /* Tags.m in Sources */ = {isa = PBXBuildFile; fileRef = E8D60D7B1C7248920014ED1F /* Tags.m */; };
		E8D60D821C7248920014ED1F /* Transaction+CoreDataProperties.m in Sources */ = {isa = PBXBuildFile; fileRef = E8D60D7D1C7248920014ED1F /* Transaction+CoreDataProperties.m */; };
		E8D60D831C7248920014ED1F /* Transaction.m in Sources */ = {isa = PBXBuildFile; fileRef = E8D60D7F1C7248920014ED1F /* Transaction.m */; };
		E8EB25FF1C720F1D0015C634 /* main.m in Sources */ = {isa = PBXBuildFile; fileRef = E8EB25FE1C720F1D0015C634 /* main.m */; };
		E8EB26021C720F1D0015C634 /* AppDelegate.m in Sources */ = {isa = PBXBuildFile; fileRef = E8EB26011C720F1D0015C634 /* AppDelegate.m */; };
		E8EB26051C720F1D0015C634 /* ViewController.m in Sources */ = {isa = PBXBuildFile; fileRef = E8EB26041C720F1D0015C634 /* ViewController.m */; };
		E8EB26081C720F1D0015C634 /* Main.storyboard in Resources */ = {isa = PBXBuildFile; fileRef = E8EB26061C720F1D0015C634 /* Main.storyboard */; };
		E8EB260B1C720F1D0015C634 /* CrossOverProject.xcdatamodeld in Sources */ = {isa = PBXBuildFile; fileRef = E8EB26091C720F1D0015C634 /* CrossOverProject.xcdatamodeld */; };
		E8EB260D1C720F1D0015C634 /* Assets.xcassets in Resources */ = {isa = PBXBuildFile; fileRef = E8EB260C1C720F1D0015C634 /* Assets.xcassets */; };
		E8EB26101C720F1D0015C634 /* LaunchScreen.storyboard in Resources */ = {isa = PBXBuildFile; fileRef = E8EB260E1C720F1D0015C634 /* LaunchScreen.storyboard */; };
/* End PBXBuildFile section */

/* Begin PBXContainerItemProxy section */
		E84D52881C734F5000A35D21 /* PBXContainerItemProxy */ = {
			isa = PBXContainerItemProxy;
			containerPortal = E8EB25F21C720F1C0015C634 /* Project object */;
			proxyType = 1;
			remoteGlobalIDString = E8EB25F91C720F1C0015C634;
			remoteInfo = CrossOverProject;
		};
/* End PBXContainerItemProxy section */

/* Begin PBXFileReference section */
		8C61D8079F183095BBA07AC8 /* libPods-CrossOverProject.a */ = {isa = PBXFileReference; explicitFileType = archive.ar; includeInIndex = 0; path = "libPods-CrossOverProject.a"; sourceTree = BUILT_PRODUCTS_DIR; };
		BFFE722C56FF54658D258AB9 /* Pods-CrossOverProject.debug.xcconfig */ = {isa = PBXFileReference; includeInIndex = 1; lastKnownFileType = text.xcconfig; name = "Pods-CrossOverProject.debug.xcconfig"; path = "Pods/Target Support Files/Pods-CrossOverProject/Pods-CrossOverProject.debug.xcconfig"; sourceTree = "<group>"; };
		E1DDC3643EF176F17A674BDB /* Pods-CrossOverProject.release.xcconfig */ = {isa = PBXFileReference; includeInIndex = 1; lastKnownFileType = text.xcconfig; name = "Pods-CrossOverProject.release.xcconfig"; path = "Pods/Target Support Files/Pods-CrossOverProject/Pods-CrossOverProject.release.xcconfig"; sourceTree = "<group>"; };
		E84D52761C7312DC00A35D21 /* WalletReportViewController.h */ = {isa = PBXFileReference; fileEncoding = 4; lastKnownFileType = sourcecode.c.h; path = WalletReportViewController.h; sourceTree = "<group>"; };
		E84D52771C7312DC00A35D21 /* WalletReportViewController.m */ = {isa = PBXFileReference; fileEncoding = 4; lastKnownFileType = sourcecode.c.objc; path = WalletReportViewController.m; sourceTree = "<group>"; };
		E84D527A1C732F3D00A35D21 /* MonthReportViewController.h */ = {isa = PBXFileReference; fileEncoding = 4; lastKnownFileType = sourcecode.c.h; path = MonthReportViewController.h; sourceTree = "<group>"; };
		E84D527B1C732F3D00A35D21 /* MonthReportViewController.m */ = {isa = PBXFileReference; fileEncoding = 4; lastKnownFileType = sourcecode.c.objc; path = MonthReportViewController.m; sourceTree = "<group>"; };
		E84D52831C734F5000A35D21 /* CrossOverProjectTests.xctest */ = {isa = PBXFileReference; explicitFileType = wrapper.cfbundle; includeInIndex = 0; path = CrossOverProjectTests.xctest; sourceTree = BUILT_PRODUCTS_DIR; };
		E84D52851C734F5000A35D21 /* CrossOverProjectTests.m */ = {isa = PBXFileReference; lastKnownFileType = sourcecode.c.objc; path = CrossOverProjectTests.m; sourceTree = "<group>"; };
		E84D52871C734F5000A35D21 /* Info.plist */ = {isa = PBXFileReference; lastKnownFileType = text.plist.xml; path = Info.plist; sourceTree = "<group>"; };
		E85D1E371C72502300297209 /* ManageTransactionsViewController.h */ = {isa = PBXFileReference; fileEncoding = 4; lastKnownFileType = sourcecode.c.h; path = ManageTransactionsViewController.h; sourceTree = "<group>"; };
		E85D1E381C72502300297209 /* ManageTransactionsViewController.m */ = {isa = PBXFileReference; fileEncoding = 4; lastKnownFileType = sourcecode.c.objc; path = ManageTransactionsViewController.m; sourceTree = "<group>"; };
		E85D1E3A1C727B8800297209 /* CategoryChooserViewController.h */ = {isa = PBXFileReference; fileEncoding = 4; lastKnownFileType = sourcecode.c.h; path = CategoryChooserViewController.h; sourceTree = "<group>"; };
		E85D1E3B1C727B8800297209 /* CategoryChooserViewController.m */ = {isa = PBXFileReference; fileEncoding = 4; lastKnownFileType = sourcecode.c.objc; path = CategoryChooserViewController.m; sourceTree = "<group>"; };
		E877AA911C728E12003A43AF /* CrossOverProject-Bridging-Header.h */ = {isa = PBXFileReference; lastKnownFileType = sourcecode.c.h; path = "CrossOverProject-Bridging-Header.h"; sourceTree = "<group>"; };
		E8D60D391C7217040014ED1F /* Constants.h */ = {isa = PBXFileReference; fileEncoding = 4; lastKnownFileType = sourcecode.c.h; path = Constants.h; sourceTree = "<group>"; };
		E8D60D3A1C7217040014ED1F /* Constants.m */ = {isa = PBXFileReference; fileEncoding = 4; lastKnownFileType = sourcecode.c.objc; path = Constants.m; sourceTree = "<group>"; };
		E8D60D3D1C7217940014ED1F /* BankAccountAmountViewController.h */ = {isa = PBXFileReference; fileEncoding = 4; lastKnownFileType = sourcecode.c.h; path = BankAccountAmountViewController.h; sourceTree = "<group>"; };
		E8D60D3E1C7217940014ED1F /* BankAccountAmountViewController.m */ = {isa = PBXFileReference; fileEncoding = 4; lastKnownFileType = sourcecode.c.objc; path = BankAccountAmountViewController.m; sourceTree = "<group>"; };
		E8D60D671C722FB70014ED1F /* Foundation.framework */ = {isa = PBXFileReference; lastKnownFileType = wrapper.framework; name = Foundation.framework; path = System/Library/Frameworks/Foundation.framework; sourceTree = SDKROOT; };
		E8D60D691C7234E40014ED1F /* CurrencyViewController.h */ = {isa = PBXFileReference; fileEncoding = 4; lastKnownFileType = sourcecode.c.h; path = CurrencyViewController.h; sourceTree = "<group>"; };
		E8D60D6A1C7234E40014ED1F /* CurrencyViewController.m */ = {isa = PBXFileReference; fileEncoding = 4; lastKnownFileType = sourcecode.c.objc; path = CurrencyViewController.m; sourceTree = "<group>"; };
		E8D60D781C7248920014ED1F /* Tags+CoreDataProperties.h */ = {isa = PBXFileReference; fileEncoding = 4; lastKnownFileType = sourcecode.c.h; path = "Tags+CoreDataProperties.h"; sourceTree = "<group>"; };
		E8D60D791C7248920014ED1F /* Tags+CoreDataProperties.m */ = {isa = PBXFileReference; fileEncoding = 4; lastKnownFileType = sourcecode.c.objc; path = "Tags+CoreDataProperties.m"; sourceTree = "<group>"; };
		E8D60D7A1C7248920014ED1F /* Tags.h */ = {isa = PBXFileReference; fileEncoding = 4; lastKnownFileType = sourcecode.c.h; path = Tags.h; sourceTree = "<group>"; };
		E8D60D7B1C7248920014ED1F /* Tags.m */ = {isa = PBXFileReference; fileEncoding = 4; lastKnownFileType = sourcecode.c.objc; path = Tags.m; sourceTree = "<group>"; };
		E8D60D7C1C7248920014ED1F /* Transaction+CoreDataProperties.h */ = {isa = PBXFileReference; fileEncoding = 4; lastKnownFileType = sourcecode.c.h; path = "Transaction+CoreDataProperties.h"; sourceTree = "<group>"; };
		E8D60D7D1C7248920014ED1F /* Transaction+CoreDataProperties.m */ = {isa = PBXFileReference; fileEncoding = 4; lastKnownFileType = sourcecode.c.objc; path = "Transaction+CoreDataProperties.m"; sourceTree = "<group>"; };
		E8D60D7E1C7248920014ED1F /* Transaction.h */ = {isa = PBXFileReference; fileEncoding = 4; lastKnownFileType = sourcecode.c.h; path = Transaction.h; sourceTree = "<group>"; };
		E8D60D7F1C7248920014ED1F /* Transaction.m */ = {isa = PBXFileReference; fileEncoding = 4; lastKnownFileType = sourcecode.c.objc; path = Transaction.m; sourceTree = "<group>"; };
		E8EB25FA1C720F1C0015C634 /* CrossOverProject.app */ = {isa = PBXFileReference; explicitFileType = wrapper.application; includeInIndex = 0; path = CrossOverProject.app; sourceTree = BUILT_PRODUCTS_DIR; };
		E8EB25FE1C720F1D0015C634 /* main.m */ = {isa = PBXFileReference; lastKnownFileType = sourcecode.c.objc; path = main.m; sourceTree = "<group>"; };
		E8EB26001C720F1D0015C634 /* AppDelegate.h */ = {isa = PBXFileReference; lastKnownFileType = sourcecode.c.h; path = AppDelegate.h; sourceTree = "<group>"; };
		E8EB26011C720F1D0015C634 /* AppDelegate.m */ = {isa = PBXFileReference; lastKnownFileType = sourcecode.c.objc; path = AppDelegate.m; sourceTree = "<group>"; };
		E8EB26031C720F1D0015C634 /* ViewController.h */ = {isa = PBXFileReference; lastKnownFileType = sourcecode.c.h; path = ViewController.h; sourceTree = "<group>"; };
		E8EB26041C720F1D0015C634 /* ViewController.m */ = {isa = PBXFileReference; lastKnownFileType = sourcecode.c.objc; path = ViewController.m; sourceTree = "<group>"; };
		E8EB26071C720F1D0015C634 /* Base */ = {isa = PBXFileReference; lastKnownFileType = file.storyboard; name = Base; path = Base.lproj/Main.storyboard; sourceTree = "<group>"; };
		E8EB260A1C720F1D0015C634 /* CrossOverProject.xcdatamodel */ = {isa = PBXFileReference; lastKnownFileType = wrapper.xcdatamodel; path = CrossOverProject.xcdatamodel; sourceTree = "<group>"; };
		E8EB260C1C720F1D0015C634 /* Assets.xcassets */ = {isa = PBXFileReference; lastKnownFileType = folder.assetcatalog; path = Assets.xcassets; sourceTree = "<group>"; };
		E8EB260F1C720F1D0015C634 /* Base */ = {isa = PBXFileReference; lastKnownFileType = file.storyboard; name = Base; path = Base.lproj/LaunchScreen.storyboard; sourceTree = "<group>"; };
		E8EB26111C720F1D0015C634 /* Info.plist */ = {isa = PBXFileReference; lastKnownFileType = text.plist.xml; path = Info.plist; sourceTree = "<group>"; };
/* End PBXFileReference section */

/* Begin PBXFrameworksBuildPhase section */
		E84D52801C734F5000A35D21 /* Frameworks */ = {
			isa = PBXFrameworksBuildPhase;
			buildActionMask = 2147483647;
			files = (
			);
			runOnlyForDeploymentPostprocessing = 0;
		};
		E8EB25F71C720F1C0015C634 /* Frameworks */ = {
			isa = PBXFrameworksBuildPhase;
			buildActionMask = 2147483647;
			files = (
				E8D60D681C722FB70014ED1F /* Foundation.framework in Frameworks */,
				7CC1B072DDD9E5B2279A72B2 /* libPods-CrossOverProject.a in Frameworks */,
			);
			runOnlyForDeploymentPostprocessing = 0;
		};
/* End PBXFrameworksBuildPhase section */

/* Begin PBXGroup section */
		15930E81FC1F3944CCC9663F /* Pods */ = {
			isa = PBXGroup;
			children = (
				BFFE722C56FF54658D258AB9 /* Pods-CrossOverProject.debug.xcconfig */,
				E1DDC3643EF176F17A674BDB /* Pods-CrossOverProject.release.xcconfig */,
			);
			name = Pods;
			sourceTree = "<group>";
		};
		49F802FCFA6AE3BDB729DFD9 /* Frameworks */ = {
			isa = PBXGroup;
			children = (
				E8D60D671C722FB70014ED1F /* Foundation.framework */,
				8C61D8079F183095BBA07AC8 /* libPods-CrossOverProject.a */,
			);
			name = Frameworks;
			sourceTree = "<group>";
		};
		E84D52791C73131700A35D21 /* ManagingWalletFiles */ = {
			isa = PBXGroup;
			children = (
				E8D60D3D1C7217940014ED1F /* BankAccountAmountViewController.h */,
				E8D60D3E1C7217940014ED1F /* BankAccountAmountViewController.m */,
				E8D60D691C7234E40014ED1F /* CurrencyViewController.h */,
				E8D60D6A1C7234E40014ED1F /* CurrencyViewController.m */,
				E85D1E371C72502300297209 /* ManageTransactionsViewController.h */,
				E85D1E381C72502300297209 /* ManageTransactionsViewController.m */,
				E85D1E3A1C727B8800297209 /* CategoryChooserViewController.h */,
				E85D1E3B1C727B8800297209 /* CategoryChooserViewController.m */,
			);
			name = ManagingWalletFiles;
			sourceTree = "<group>";
		};
		E84D527D1C732F8000A35D21 /* ReportingFiles */ = {
			isa = PBXGroup;
			children = (
				E84D52761C7312DC00A35D21 /* WalletReportViewController.h */,
				E84D52771C7312DC00A35D21 /* WalletReportViewController.m */,
				E84D527A1C732F3D00A35D21 /* MonthReportViewController.h */,
				E84D527B1C732F3D00A35D21 /* MonthReportViewController.m */,
			);
			name = ReportingFiles;
			sourceTree = "<group>";
		};
		E84D52841C734F5000A35D21 /* CrossOverProjectTests */ = {
			isa = PBXGroup;
			children = (
				E84D52851C734F5000A35D21 /* CrossOverProjectTests.m */,
				E84D52871C734F5000A35D21 /* Info.plist */,
			);
			path = CrossOverProjectTests;
			sourceTree = "<group>";
		};
		E8D60D3C1C72170B0014ED1F /* Helpers */ = {
			isa = PBXGroup;
			children = (
				E8D60D391C7217040014ED1F /* Constants.h */,
				E8D60D3A1C7217040014ED1F /* Constants.m */,
			);
			name = Helpers;
			sourceTree = "<group>";
		};
		E8EB25F11C720F1C0015C634 = {
			isa = PBXGroup;
			children = (
				E8EB25FC1C720F1C0015C634 /* CrossOverProject */,
				E84D52841C734F5000A35D21 /* CrossOverProjectTests */,
				E8EB25FB1C720F1C0015C634 /* Products */,
				15930E81FC1F3944CCC9663F /* Pods */,
				49F802FCFA6AE3BDB729DFD9 /* Frameworks */,
			);
			sourceTree = "<group>";
		};
		E8EB25FB1C720F1C0015C634 /* Products */ = {
			isa = PBXGroup;
			children = (
				E8EB25FA1C720F1C0015C634 /* CrossOverProject.app */,
				E84D52831C734F5000A35D21 /* CrossOverProjectTests.xctest */,
			);
			name = Products;
			sourceTree = "<group>";
		};
		E8EB25FC1C720F1C0015C634 /* CrossOverProject */ = {
			isa = PBXGroup;
			children = (
				E8EB26001C720F1D0015C634 /* AppDelegate.h */,
				E8EB26011C720F1D0015C634 /* AppDelegate.m */,
				E8EB26031C720F1D0015C634 /* ViewController.h */,
				E8EB26041C720F1D0015C634 /* ViewController.m */,
				E84D52791C73131700A35D21 /* ManagingWalletFiles */,
				E84D527D1C732F8000A35D21 /* ReportingFiles */,
				E8EB26231C72106C0015C634 /* CoreData */,
				E8EB26061C720F1D0015C634 /* Main.storyboard */,
				E8EB260C1C720F1D0015C634 /* Assets.xcassets */,
				E8EB260E1C720F1D0015C634 /* LaunchScreen.storyboard */,
				E8EB26111C720F1D0015C634 /* Info.plist */,
				E8EB26091C720F1D0015C634 /* CrossOverProject.xcdatamodeld */,
				E8EB25FD1C720F1C0015C634 /* Supporting Files */,
				E8D60D3C1C72170B0014ED1F /* Helpers */,
				E877AA911C728E12003A43AF /* CrossOverProject-Bridging-Header.h */,
			);
			path = CrossOverProject;
			sourceTree = "<group>";
		};
		E8EB25FD1C720F1C0015C634 /* Supporting Files */ = {
			isa = PBXGroup;
			children = (
				E8EB25FE1C720F1D0015C634 /* main.m */,
			);
			name = "Supporting Files";
			sourceTree = "<group>";
		};
		E8EB26231C72106C0015C634 /* CoreData */ = {
			isa = PBXGroup;
			children = (
				E8D60D781C7248920014ED1F /* Tags+CoreDataProperties.h */,
				E8D60D791C7248920014ED1F /* Tags+CoreDataProperties.m */,
				E8D60D7A1C7248920014ED1F /* Tags.h */,
				E8D60D7B1C7248920014ED1F /* Tags.m */,
				E8D60D7C1C7248920014ED1F /* Transaction+CoreDataProperties.h */,
				E8D60D7D1C7248920014ED1F /* Transaction+CoreDataProperties.m */,
				E8D60D7E1C7248920014ED1F /* Transaction.h */,
				E8D60D7F1C7248920014ED1F /* Transaction.m */,
			);
			name = CoreData;
			path = ..;
			sourceTree = "<group>";
		};
/* End PBXGroup section */

/* Begin PBXNativeTarget section */
		E84D52821C734F5000A35D21 /* CrossOverProjectTests */ = {
			isa = PBXNativeTarget;
			buildConfigurationList = E84D528A1C734F5000A35D21 /* Build configuration list for PBXNativeTarget "CrossOverProjectTests" */;
			buildPhases = (
				E84D527F1C734F5000A35D21 /* Sources */,
				E84D52801C734F5000A35D21 /* Frameworks */,
				E84D52811C734F5000A35D21 /* Resources */,
			);
			buildRules = (
			);
			dependencies = (
				E84D52891C734F5000A35D21 /* PBXTargetDependency */,
			);
			name = CrossOverProjectTests;
			productName = CrossOverProjectTests;
			productReference = E84D52831C734F5000A35D21 /* CrossOverProjectTests.xctest */;
			productType = "com.apple.product-type.bundle.unit-test";
		};
		E8EB25F91C720F1C0015C634 /* CrossOverProject */ = {
			isa = PBXNativeTarget;
			buildConfigurationList = E8EB26141C720F1D0015C634 /* Build configuration list for PBXNativeTarget "CrossOverProject" */;
			buildPhases = (
				CAE9B2AA39C596F6C3D19FCB /* Check Pods Manifest.lock */,
				E8EB25F61C720F1C0015C634 /* Sources */,
				E8EB25F71C720F1C0015C634 /* Frameworks */,
				E8EB25F81C720F1C0015C634 /* Resources */,
				01011BB82F7552BDD56911AF /* Embed Pods Frameworks */,
				CB5E15288F1B06F6D3165001 /* Copy Pods Resources */,
			);
			buildRules = (
			);
			dependencies = (
			);
			name = CrossOverProject;
			productName = CrossOverProject;
			productReference = E8EB25FA1C720F1C0015C634 /* CrossOverProject.app */;
			productType = "com.apple.product-type.application";
		};
/* End PBXNativeTarget section */

/* Begin PBXProject section */
		E8EB25F21C720F1C0015C634 /* Project object */ = {
			isa = PBXProject;
			attributes = {
				LastUpgradeCheck = 0720;
				ORGANIZATIONNAME = "Osama Rabie";
				TargetAttributes = {
					E84D52821C734F5000A35D21 = {
						CreatedOnToolsVersion = 7.2;
						TestTargetID = E8EB25F91C720F1C0015C634;
					};
					E8EB25F91C720F1C0015C634 = {
						CreatedOnToolsVersion = 7.2;
					};
				};
			};
			buildConfigurationList = E8EB25F51C720F1C0015C634 /* Build configuration list for PBXProject "CrossOverProject" */;
			compatibilityVersion = "Xcode 3.2";
			developmentRegion = English;
			hasScannedForEncodings = 0;
			knownRegions = (
				en,
				Base,
			);
			mainGroup = E8EB25F11C720F1C0015C634;
			productRefGroup = E8EB25FB1C720F1C0015C634 /* Products */;
			projectDirPath = "";
			projectRoot = "";
			targets = (
				E8EB25F91C720F1C0015C634 /* CrossOverProject */,
				E84D52821C734F5000A35D21 /* CrossOverProjectTests */,
			);
		};
/* End PBXProject section */

/* Begin PBXResourcesBuildPhase section */
		E84D52811C734F5000A35D21 /* Resources */ = {
			isa = PBXResourcesBuildPhase;
			buildActionMask = 2147483647;
			files = (
			);
			runOnlyForDeploymentPostprocessing = 0;
		};
		E8EB25F81C720F1C0015C634 /* Resources */ = {
			isa = PBXResourcesBuildPhase;
			buildActionMask = 2147483647;
			files = (
				E8EB26101C720F1D0015C634 /* LaunchScreen.storyboard in Resources */,
				E8EB260D1C720F1D0015C634 /* Assets.xcassets in Resources */,
				E8EB26081C720F1D0015C634 /* Main.storyboard in Resources */,
			);
			runOnlyForDeploymentPostprocessing = 0;
		};
/* End PBXResourcesBuildPhase section */

/* Begin PBXShellScriptBuildPhase section */
		01011BB82F7552BDD56911AF /* Embed Pods Frameworks */ = {
			isa = PBXShellScriptBuildPhase;
			buildActionMask = 2147483647;
			files = (
			);
			inputPaths = (
			);
			name = "Embed Pods Frameworks";
			outputPaths = (
			);
			runOnlyForDeploymentPostprocessing = 0;
			shellPath = /bin/sh;
			shellScript = "\"${SRCROOT}/Pods/Target Support Files/Pods-CrossOverProject/Pods-CrossOverProject-frameworks.sh\"\n";
			showEnvVarsInLog = 0;
		};
		CAE9B2AA39C596F6C3D19FCB /* Check Pods Manifest.lock */ = {
			isa = PBXShellScriptBuildPhase;
			buildActionMask = 2147483647;
			files = (
			);
			inputPaths = (
			);
			name = "Check Pods Manifest.lock";
			outputPaths = (
			);
			runOnlyForDeploymentPostprocessing = 0;
			shellPath = /bin/sh;
			shellScript = "diff \"${PODS_ROOT}/../Podfile.lock\" \"${PODS_ROOT}/Manifest.lock\" > /dev/null\nif [[ $? != 0 ]] ; then\n    cat << EOM\nerror: The sandbox is not in sync with the Podfile.lock. Run 'pod install' or update your CocoaPods installation.\nEOM\n    exit 1\nfi\n";
			showEnvVarsInLog = 0;
		};
		CB5E15288F1B06F6D3165001 /* Copy Pods Resources */ = {
			isa = PBXShellScriptBuildPhase;
			buildActionMask = 2147483647;
			files = (
			);
			inputPaths = (
			);
			name = "Copy Pods Resources";
			outputPaths = (
			);
			runOnlyForDeploymentPostprocessing = 0;
			shellPath = /bin/sh;
			shellScript = "\"${SRCROOT}/Pods/Target Support Files/Pods-CrossOverProject/Pods-CrossOverProject-resources.sh\"\n";
			showEnvVarsInLog = 0;
		};
/* End PBXShellScriptBuildPhase section */

/* Begin PBXSourcesBuildPhase section */
		E84D527F1C734F5000A35D21 /* Sources */ = {
			isa = PBXSourcesBuildPhase;
			buildActionMask = 2147483647;
			files = (
				E84D52861C734F5000A35D21 /* CrossOverProjectTests.m in Sources */,
			);
			runOnlyForDeploymentPostprocessing = 0;
		};
		E8EB25F61C720F1C0015C634 /* Sources */ = {
			isa = PBXSourcesBuildPhase;
			buildActionMask = 2147483647;
			files = (
				E85D1E3C1C727B8800297209 /* CategoryChooserViewController.m in Sources */,
				E8D60D831C7248920014ED1F /* Transaction.m in Sources */,
				E84D52781C7312DC00A35D21 /* WalletReportViewController.m in Sources */,
				E8EB26051C720F1D0015C634 /* ViewController.m in Sources */,
				E8EB26021C720F1D0015C634 /* AppDelegate.m in Sources */,
				E84D527C1C732F3D00A35D21 /* MonthReportViewController.m in Sources */,
				E8D60D3F1C7217940014ED1F /* BankAccountAmountViewController.m in Sources */,
				E8D60D821C7248920014ED1F /* Transaction+CoreDataProperties.m in Sources */,
				E8EB260B1C720F1D0015C634 /* CrossOverProject.xcdatamodeld in Sources */,
				E8D60D811C7248920014ED1F /* Tags.m in Sources */,
				E8EB25FF1C720F1D0015C634 /* main.m in Sources */,
				E8D60D6B1C7234E40014ED1F /* CurrencyViewController.m in Sources */,
				E85D1E391C72502300297209 /* ManageTransactionsViewController.m in Sources */,
				E8D60D3B1C7217040014ED1F /* Constants.m in Sources */,
				E8D60D801C7248920014ED1F /* Tags+CoreDataProperties.m in Sources */,
			);
			runOnlyForDeploymentPostprocessing = 0;
		};
/* End PBXSourcesBuildPhase section */

/* Begin PBXTargetDependency section */
		E84D52891C734F5000A35D21 /* PBXTargetDependency */ = {
			isa = PBXTargetDependency;
			target = E8EB25F91C720F1C0015C634 /* CrossOverProject */;
			targetProxy = E84D52881C734F5000A35D21 /* PBXContainerItemProxy */;
		};
/* End PBXTargetDependency section */

/* Begin PBXVariantGroup section */
		E8EB26061C720F1D0015C634 /* Main.storyboard */ = {
			isa = PBXVariantGroup;
			children = (
				E8EB26071C720F1D0015C634 /* Base */,
			);
			name = Main.storyboard;
			sourceTree = "<group>";
		};
		E8EB260E1C720F1D0015C634 /* LaunchScreen.storyboard */ = {
			isa = PBXVariantGroup;
			children = (
				E8EB260F1C720F1D0015C634 /* Base */,
			);
			name = LaunchScreen.storyboard;
			sourceTree = "<group>";
		};
/* End PBXVariantGroup section */

/* Begin XCBuildConfiguration section */
		E84D528B1C734F5000A35D21 /* Debug */ = {
			isa = XCBuildConfiguration;
			buildSettings = {
				BUNDLE_LOADER = "$(TEST_HOST)";
				INFOPLIST_FILE = CrossOverProjectTests/Info.plist;
				IPHONEOS_DEPLOYMENT_TARGET = 9.2;
				LD_RUNPATH_SEARCH_PATHS = "$(inherited) @executable_path/Frameworks @loader_path/Frameworks";
				PRODUCT_BUNDLE_IDENTIFIER = arabdevs.CrossOverProjectTests;
				PRODUCT_NAME = "$(TARGET_NAME)";
				TEST_HOST = "$(BUILT_PRODUCTS_DIR)/CrossOverProject.app/CrossOverProject";
			};
			name = Debug;
		};
		E84D528C1C734F5000A35D21 /* Release */ = {
			isa = XCBuildConfiguration;
			buildSettings = {
				BUNDLE_LOADER = "$(TEST_HOST)";
				INFOPLIST_FILE = CrossOverProjectTests/Info.plist;
				IPHONEOS_DEPLOYMENT_TARGET = 9.2;
				LD_RUNPATH_SEARCH_PATHS = "$(inherited) @executable_path/Frameworks @loader_path/Frameworks";
				PRODUCT_BUNDLE_IDENTIFIER = arabdevs.CrossOverProjectTests;
				PRODUCT_NAME = "$(TARGET_NAME)";
				TEST_HOST = "$(BUILT_PRODUCTS_DIR)/CrossOverProject.app/CrossOverProject";
			};
			name = Release;
		};
		E8EB26121C720F1D0015C634 /* Debug */ = {
			isa = XCBuildConfiguration;
			buildSettings = {
				ALWAYS_SEARCH_USER_PATHS = NO;
				CLANG_CXX_LANGUAGE_STANDARD = "gnu++0x";
				CLANG_CXX_LIBRARY = "libc++";
				CLANG_ENABLE_MODULES = YES;
				CLANG_ENABLE_OBJC_ARC = YES;
				CLANG_WARN_BOOL_CONVERSION = YES;
				CLANG_WARN_CONSTANT_CONVERSION = YES;
				CLANG_WARN_DIRECT_OBJC_ISA_USAGE = YES_ERROR;
				CLANG_WARN_EMPTY_BODY = YES;
				CLANG_WARN_ENUM_CONVERSION = YES;
				CLANG_WARN_INT_CONVERSION = YES;
				CLANG_WARN_OBJC_ROOT_CLASS = YES_ERROR;
				CLANG_WARN_UNREACHABLE_CODE = YES;
				CLANG_WARN__DUPLICATE_METHOD_MATCH = YES;
				"CODE_SIGN_IDENTITY[sdk=iphoneos*]" = "iPhone Developer";
				COPY_PHASE_STRIP = NO;
				DEBUG_INFORMATION_FORMAT = dwarf;
				ENABLE_STRICT_OBJC_MSGSEND = YES;
				ENABLE_TESTABILITY = YES;
				GCC_C_LANGUAGE_STANDARD = gnu99;
				GCC_DYNAMIC_NO_PIC = NO;
				GCC_NO_COMMON_BLOCKS = YES;
				GCC_OPTIMIZATION_LEVEL = 0;
				GCC_PREPROCESSOR_DEFINITIONS = (
					"DEBUG=1",
					"$(inherited)",
				);
				GCC_WARN_64_TO_32_BIT_CONVERSION = YES;
				GCC_WARN_ABOUT_RETURN_TYPE = YES_ERROR;
				GCC_WARN_UNDECLARED_SELECTOR = YES;
				GCC_WARN_UNINITIALIZED_AUTOS = YES_AGGRESSIVE;
				GCC_WARN_UNUSED_FUNCTION = YES;
				GCC_WARN_UNUSED_VARIABLE = YES;
				IPHONEOS_DEPLOYMENT_TARGET = 7.0;
				MTL_ENABLE_DEBUG_INFO = YES;
				ONLY_ACTIVE_ARCH = YES;
				SDKROOT = iphoneos;
			};
			name = Debug;
		};
		E8EB26131C720F1D0015C634 /* Release */ = {
			isa = XCBuildConfiguration;
			buildSettings = {
				ALWAYS_SEARCH_USER_PATHS = NO;
				CLANG_CXX_LANGUAGE_STANDARD = "gnu++0x";
				CLANG_CXX_LIBRARY = "libc++";
				CLANG_ENABLE_MODULES = YES;
				CLANG_ENABLE_OBJC_ARC = YES;
				CLANG_WARN_BOOL_CONVERSION = YES;
				CLANG_WARN_CONSTANT_CONVERSION = YES;
				CLANG_WARN_DIRECT_OBJC_ISA_USAGE = YES_ERROR;
				CLANG_WARN_EMPTY_BODY = YES;
				CLANG_WARN_ENUM_CONVERSION = YES;
				CLANG_WARN_INT_CONVERSION = YES;
				CLANG_WARN_OBJC_ROOT_CLASS = YES_ERROR;
				CLANG_WARN_UNREACHABLE_CODE = YES;
				CLANG_WARN__DUPLICATE_METHOD_MATCH = YES;
				"CODE_SIGN_IDENTITY[sdk=iphoneos*]" = "iPhone Developer";
				COPY_PHASE_STRIP = NO;
				DEBUG_INFORMATION_FORMAT = "dwarf-with-dsym";
				ENABLE_NS_ASSERTIONS = NO;
				ENABLE_STRICT_OBJC_MSGSEND = YES;
				GCC_C_LANGUAGE_STANDARD = gnu99;
				GCC_NO_COMMON_BLOCKS = YES;
				GCC_WARN_64_TO_32_BIT_CONVERSION = YES;
				GCC_WARN_ABOUT_RETURN_TYPE = YES_ERROR;
				GCC_WARN_UNDECLARED_SELECTOR = YES;
				GCC_WARN_UNINITIALIZED_AUTOS = YES_AGGRESSIVE;
				GCC_WARN_UNUSED_FUNCTION = YES;
				GCC_WARN_UNUSED_VARIABLE = YES;
				IPHONEOS_DEPLOYMENT_TARGET = 7.0;
				MTL_ENABLE_DEBUG_INFO = NO;
				SDKROOT = iphoneos;
				VALIDATE_PRODUCT = YES;
			};
			name = Release;
		};
		E8EB26151C720F1D0015C634 /* Debug */ = {
			isa = XCBuildConfiguration;
			baseConfigurationReference = BFFE722C56FF54658D258AB9 /* Pods-CrossOverProject.debug.xcconfig */;
			buildSettings = {
				ASSETCATALOG_COMPILER_APPICON_NAME = AppIcon;
				CLANG_ENABLE_MODULES = YES;
				DEFINES_MODULE = YES;
				INFOPLIST_FILE = CrossOverProject/Info.plist;
				IPHONEOS_DEPLOYMENT_TARGET = 7.0;
				LD_RUNPATH_SEARCH_PATHS = "$(inherited) @executable_path/Frameworks";
				PRODUCT_BUNDLE_IDENTIFIER = arabdevs.CrossOverProject;
				PRODUCT_NAME = "$(TARGET_NAME)";
				SWIFT_OBJC_BRIDGING_HEADER = "CrossOverProject/CrossOverProject-Bridging-Header.h";
				SWIFT_OPTIMIZATION_LEVEL = "-Onone";
			};
			name = Debug;
		};
		E8EB26161C720F1D0015C634 /* Release */ = {
			isa = XCBuildConfiguration;
			baseConfigurationReference = E1DDC3643EF176F17A674BDB /* Pods-CrossOverProject.release.xcconfig */;
			buildSettings = {
				ASSETCATALOG_COMPILER_APPICON_NAME = AppIcon;
				CLANG_ENABLE_MODULES = YES;
				DEFINES_MODULE = YES;
				INFOPLIST_FILE = CrossOverProject/Info.plist;
				IPHONEOS_DEPLOYMENT_TARGET = 7.0;
				LD_RUNPATH_SEARCH_PATHS = "$(inherited) @executable_path/Frameworks";
				PRODUCT_BUNDLE_IDENTIFIER = arabdevs.CrossOverProject;
				PRODUCT_NAME = "$(TARGET_NAME)";
				SWIFT_OBJC_BRIDGING_HEADER = "CrossOverProject/CrossOverProject-Bridging-Header.h";
			};
			name = Release;
		};
/* End XCBuildConfiguration section */

/* Begin XCConfigurationList section */
		E84D528A1C734F5000A35D21 /* Build configuration list for PBXNativeTarget "CrossOverProjectTests" */ = {
			isa = XCConfigurationList;
			buildConfigurations = (
				E84D528B1C734F5000A35D21 /* Debug */,
				E84D528C1C734F5000A35D21 /* Release */,
			);
			defaultConfigurationIsVisible = 0;
			defaultConfigurationName = Release;
		};
		E8EB25F51C720F1C0015C634 /* Build configuration list for PBXProject "CrossOverProject" */ = {
			isa = XCConfigurationList;
			buildConfigurations = (
				E8EB26121C720F1D0015C634 /* Debug */,
				E8EB26131C720F1D0015C634 /* Release */,
			);
			defaultConfigurationIsVisible = 0;
			defaultConfigurationName = Release;
		};
		E8EB26141C720F1D0015C634 /* Build configuration list for PBXNativeTarget "CrossOverProject" */ = {
			isa = XCConfigurationList;
			buildConfigurations = (
				E8EB26151C720F1D0015C634 /* Debug */,
				E8EB26161C720F1D0015C634 /* Release */,
			);
			defaultConfigurationIsVisible = 0;
			defaultConfigurationName = Release;
		};
/* End XCConfigurationList section */

/* Begin XCVersionGroup section */
		E8EB26091C720F1D0015C634 /* CrossOverProject.xcdatamodeld */ = {
			isa = XCVersionGroup;
			children = (
				E8EB260A1C720F1D0015C634 /* CrossOverProject.xcdatamodel */,
			);
			currentVersion = E8EB260A1C720F1D0015C634 /* CrossOverProject.xcdatamodel */;
			path = CrossOverProject.xcdatamodeld;
			sourceTree = "<group>";
			versionGroupType = wrapper.xcdatamodel;
		};
/* End XCVersionGroup section */
	};
	rootObject = E8EB25F21C720F1C0015C634 /* Project object */;
}
